
Microsoft Visual Studio Solution File, Format Version 12.00
# Visual Studio Version 17
VisualStudioVersion = 17.4.33205.214
MinimumVisualStudioVersion = 10.0.40219.1
Project("{FAE04EC0-301F-11D3-BF4B-00C04F79EFBC}") = "CodyadProject", "CodyadProject\CodyadProject.csproj", "{6F414FEE-48D2-4945-8F62-1E62EB5954BE}"
EndProject
Project("{FAE04EC0-301F-11D3-BF4B-00C04F79EFBC}") = "DataLayer", "DataLayer\DataLayer.csproj", "{97749932-E061-47B1-927A-86E8B58D6A17}"
EndProject
Global
	GlobalSection(SolutionConfigurationPlatforms) = preSolution
		Debug|Any CPU = Debug|Any CPU
		Release|Any CPU = Release|Any CPU
	EndGlobalSection
	GlobalSection(ProjectConfigurationPlatforms) = postSolution
		{6F414FEE-48D2-4945-8F62-1E62EB5954BE}.Debug|Any CPU.ActiveCfg = Debug|Any CPU
		{6F414FEE-48D2-4945-8F62-1E62EB5954BE}.Debug|Any CPU.Build.0 = Debug|Any CPU
		{6F414FEE-48D2-4945-8F62-1E62EB5954BE}.Release|Any CPU.ActiveCfg = Release|Any CPU
		{6F414FEE-48D2-4945-8F62-1E62EB5954BE}.Release|Any CPU.Build.0 = Release|Any CPU
		{97749932-E061-47B1-927A-86E8B58D6A17}.Debug|Any CPU.ActiveCfg = Debug|Any CPU
		{97749932-E061-47B1-927A-86E8B58D6A17}.Debug|Any CPU.Build.0 = Debug|Any CPU
		{97749932-E061-47B1-927A-86E8B58D6A17}.Release|Any CPU.ActiveCfg = Release|Any CPU
		{97749932-E061-47B1-927A-86E8B58D6A17}.Release|Any CPU.Build.0 = Release|Any CPU
	EndGlobalSection
	GlobalSection(SolutionProperties) = preSolution
		HideSolutionNode = FALSE
	EndGlobalSection
	GlobalSection(ExtensibilityGlobals) = postSolution
		SolutionGuid = {F094474E-33E1-4223-8528-708C0FC6D3E3}
	EndGlobalSection
EndGlobal
